// !$*UTF8*$!
{
	archiveVersion = 1;
	classes = {
	};
	objectVersion = 77;
	objects = {

/* Begin PBXContainerItemProxy section */
		3D89F4552DBDB1A800639057 /* PBXContainerItemProxy */ = {
			isa = PBXContainerItemProxy;
			containerPortal = 3D89F4372DBDB1A400639057 /* Project object */;
			proxyType = 1;
			remoteGlobalIDString = 3D89F43E2DBDB1A400639057;
			remoteInfo = examen_practico_serti;
		};
		3D89F45F2DBDB1A800639057 /* PBXContainerItemProxy */ = {
			isa = PBXContainerItemProxy;
			containerPortal = 3D89F4372DBDB1A400639057 /* Project object */;
			proxyType = 1;
			remoteGlobalIDString = 3D89F43E2DBDB1A400639057;
			remoteInfo = examen_practico_serti;
		};
/* End PBXContainerItemProxy section */

/* Begin PBXFileReference section */
		3D89F43F2DBDB1A400639057 /* examen_practico_serti.app */ = {isa = PBXFileReference; explicitFileType = wrapper.application; includeInIndex = 0; path = examen_practico_serti.app; sourceTree = BUILT_PRODUCTS_DIR; };
		3D89F4542DBDB1A800639057 /* examen_practico_sertiTests.xctest */ = {isa = PBXFileReference; explicitFileType = wrapper.cfbundle; includeInIndex = 0; path = examen_practico_sertiTests.xctest; sourceTree = BUILT_PRODUCTS_DIR; };
		3D89F45E2DBDB1A800639057 /* examen_practico_sertiUITests.xctest */ = {isa = PBXFileReference; explicitFileType = wrapper.cfbundle; includeInIndex = 0; path = examen_practico_sertiUITests.xctest; sourceTree = BUILT_PRODUCTS_DIR; };
/* End PBXFileReference section */

/* Begin PBXFileSystemSynchronizedRootGroup section */
		3D89F4412DBDB1A400639057 /* examen_practico_serti */ = {
			isa = PBXFileSystemSynchronizedRootGroup;
			path = examen_practico_serti;
			sourceTree = "<group>";
		};
		3D89F4572DBDB1A800639057 /* examen_practico_sertiTests */ = {
			isa = PBXFileSystemSynchronizedRootGroup;
			path = examen_practico_sertiTests;
			sourceTree = "<group>";
		};
		3D89F4612DBDB1A800639057 /* examen_practico_sertiUITests */ = {
			isa = PBXFileSystemSynchronizedRootGroup;
			path = examen_practico_sertiUITests;
			sourceTree = "<group>";
		};
/* End PBXFileSystemSynchronizedRootGroup section */

/* Begin PBXFrameworksBuildPhase section */
		3D89F43C2DBDB1A400639057 /* Frameworks */ = {
			isa = PBXFrameworksBuildPhase;
			buildActionMask = 2147483647;
			files = (
			);
			runOnlyForDeploymentPostprocessing = 0;
		};
		3D89F4512DBDB1A800639057 /* Frameworks */ = {
			isa = PBXFrameworksBuildPhase;
			buildActionMask = 2147483647;
			files = (
			);
			runOnlyForDeploymentPostprocessing = 0;
		};
		3D89F45B2DBDB1A800639057 /* Frameworks */ = {
			isa = PBXFrameworksBuildPhase;
			buildActionMask = 2147483647;
			files = (
			);
			runOnlyForDeploymentPostprocessing = 0;
		};
/* End PBXFrameworksBuildPhase section */

/* Begin PBXGroup section */
		3D89F4362DBDB1A400639057 = {
			isa = PBXGroup;
			children = (
				3D89F4412DBDB1A400639057 /* examen_practico_serti */,
				3D89F4572DBDB1A800639057 /* examen_practico_sertiTests */,
				3D89F4612DBDB1A800639057 /* examen_practico_sertiUITests */,
				3D89F4402DBDB1A400639057 /* Products */,
			);
			sourceTree = "<group>";
		};
		3D89F4402DBDB1A400639057 /* Products */ = {
			isa = PBXGroup;
			children = (
				3D89F43F2DBDB1A400639057 /* examen_practico_serti.app */,
				3D89F4542DBDB1A800639057 /* examen_practico_sertiTests.xctest */,
				3D89F45E2DBDB1A800639057 /* examen_practico_sertiUITests.xctest */,
			);
			name = Products;
			sourceTree = "<group>";
		};
/* End PBXGroup section */

/* Begin PBXNativeTarget section */
		3D89F43E2DBDB1A400639057 /* examen_practico_serti */ = {
			isa = PBXNativeTarget;
			buildConfigurationList = 3D89F4682DBDB1A800639057 /* Build configuration list for PBXNativeTarget "examen_practico_serti" */;
			buildPhases = (
				3D89F43B2DBDB1A400639057 /* Sources */,
				3D89F43C2DBDB1A400639057 /* Frameworks */,
				3D89F43D2DBDB1A400639057 /* Resources */,
			);
			buildRules = (
			);
			dependencies = (
			);
			fileSystemSynchronizedGroups = (
				3D89F4412DBDB1A400639057 /* examen_practico_serti */,
			);
			name = examen_practico_serti;
			packageProductDependencies = (
			);
			productName = examen_practico_serti;
			productReference = 3D89F43F2DBDB1A400639057 /* examen_practico_serti.app */;
			productType = "com.apple.product-type.application";
		};
		3D89F4532DBDB1A800639057 /* examen_practico_sertiTests */ = {
			isa = PBXNativeTarget;
			buildConfigurationList = 3D89F46B2DBDB1A800639057 /* Build configuration list for PBXNativeTarget "examen_practico_sertiTests" */;
			buildPhases = (
				3D89F4502DBDB1A800639057 /* Sources */,
				3D89F4512DBDB1A800639057 /* Frameworks */,
				3D89F4522DBDB1A800639057 /* Resources */,
			);
			buildRules = (
			);
			dependencies = (
				3D89F4562DBDB1A800639057 /* PBXTargetDependency */,
			);
			fileSystemSynchronizedGroups = (
				3D89F4572DBDB1A800639057 /* examen_practico_sertiTests */,
			);
			name = examen_practico_sertiTests;
			packageProductDependencies = (
			);
			productName = examen_practico_sertiTests;
			productReference = 3D89F4542DBDB1A800639057 /* examen_practico_sertiTests.xctest */;
			productType = "com.apple.product-type.bundle.unit-test";
		};
		3D89F45D2DBDB1A800639057 /* examen_practico_sertiUITests */ = {
			isa = PBXNativeTarget;
			buildConfigurationList = 3D89F46E2DBDB1A800639057 /* Build configuration list for PBXNativeTarget "examen_practico_sertiUITests" */;
			buildPhases = (
				3D89F45A2DBDB1A800639057 /* Sources */,
				3D89F45B2DBDB1A800639057 /* Frameworks */,
				3D89F45C2DBDB1A800639057 /* Resources */,
			);
			buildRules = (
			);
			dependencies = (
				3D89F4602DBDB1A800639057 /* PBXTargetDependency */,
			);
			fileSystemSynchronizedGroups = (
				3D89F4612DBDB1A800639057 /* examen_practico_sertiUITests */,
			);
			name = examen_practico_sertiUITests;
			packageProductDependencies = (
			);
			productName = examen_practico_sertiUITests;
			productReference = 3D89F45E2DBDB1A800639057 /* examen_practico_sertiUITests.xctest */;
			productType = "com.apple.product-type.bundle.ui-testing";
		};
/* End PBXNativeTarget section */

/* Begin PBXProject section */
		3D89F4372DBDB1A400639057 /* Project object */ = {
			isa = PBXProject;
			attributes = {
				BuildIndependentTargetsInParallel = 1;
				LastSwiftUpdateCheck = 1610;
				LastUpgradeCheck = 1610;
				TargetAttributes = {
					3D89F43E2DBDB1A400639057 = {
						CreatedOnToolsVersion = 16.1;
					};
					3D89F4532DBDB1A800639057 = {
						CreatedOnToolsVersion = 16.1;
						TestTargetID = 3D89F43E2DBDB1A400639057;
					};
					3D89F45D2DBDB1A800639057 = {
						CreatedOnToolsVersion = 16.1;
						TestTargetID = 3D89F43E2DBDB1A400639057;
					};
				};
			};
			buildConfigurationList = 3D89F43A2DBDB1A400639057 /* Build configuration list for PBXProject "examen_practico_serti" */;
			developmentRegion = en;
			hasScannedForEncodings = 0;
			knownRegions = (
				en,
				Base,
			);
			mainGroup = 3D89F4362DBDB1A400639057;
			minimizedProjectReferenceProxies = 1;
			preferredProjectObjectVersion = 77;
			productRefGroup = 3D89F4402DBDB1A400639057 /* Products */;
			projectDirPath = "";
			projectRoot = "";
			targets = (
				3D89F43E2DBDB1A400639057 /* examen_practico_serti */,
				3D89F4532DBDB1A800639057 /* examen_practico_sertiTests */,
				3D89F45D2DBDB1A800639057 /* examen_practico_sertiUITests */,
			);
		};
/* End PBXProject section */

/* Begin PBXResourcesBuildPhase section */
		3D89F43D2DBDB1A400639057 /* Resources */ = {
			isa = PBXResourcesBuildPhase;
			buildActionMask = 2147483647;
			files = (
			);
			runOnlyForDeploymentPostprocessing = 0;
		};
		3D89F4522DBDB1A800639057 /* Resources */ = {
			isa = PBXResourcesBuildPhase;
			buildActionMask = 2147483647;
			files = (
			);
			runOnlyForDeploymentPostprocessing = 0;
		};
		3D89F45C2DBDB1A800639057 /* Resources */ = {
			isa = PBXResourcesBuildPhase;
			buildActionMask = 2147483647;
			files = (
			);
			runOnlyForDeploymentPostprocessing = 0;
		};
/* End PBXResourcesBuildPhase section */

/* Begin PBXSourcesBuildPhase section */
		3D89F43B2DBDB1A400639057 /* Sources */ = {
			isa = PBXSourcesBuildPhase;
			buildActionMask = 2147483647;
			files = (
			);
			runOnlyForDeploymentPostprocessing = 0;
		};
		3D89F4502DBDB1A800639057 /* Sources */ = {
			isa = PBXSourcesBuildPhase;
			buildActionMask = 2147483647;
			files = (
			);
			runOnlyForDeploymentPostprocessing = 0;
		};
		3D89F45A2DBDB1A800639057 /* Sources */ = {
			isa = PBXSourcesBuildPhase;
			buildActionMask = 2147483647;
			files = (
			);
			runOnlyForDeploymentPostprocessing = 0;
		};
/* End PBXSourcesBuildPhase section */

/* Begin PBXTargetDependency section */
		3D89F4562DBDB1A800639057 /* PBXTargetDependency */ = {
			isa = PBXTargetDependency;
			target = 3D89F43E2DBDB1A400639057 /* examen_practico_serti */;
			targetProxy = 3D89F4552DBDB1A800639057 /* PBXContainerItemProxy */;
		};
		3D89F4602DBDB1A800639057 /* PBXTargetDependency */ = {
			isa = PBXTargetDependency;
			target = 3D89F43E2DBDB1A400639057 /* examen_practico_serti */;
			targetProxy = 3D89F45F2DBDB1A800639057 /* PBXContainerItemProxy */;
		};
/* End PBXTargetDependency section */

/* Begin XCBuildConfiguration section */
		3D89F4662DBDB1A800639057 /* Debug */ = {
			isa = XCBuildConfiguration;
			buildSettings = {
				ALWAYS_SEARCH_USER_PATHS = NO;
				ASSETCATALOG_COMPILER_GENERATE_SWIFT_ASSET_SYMBOL_EXTENSIONS = YES;
				CLANG_ANALYZER_NONNULL = YES;
				CLANG_ANALYZER_NUMBER_OBJECT_CONVERSION = YES_AGGRESSIVE;
				CLANG_CXX_LANGUAGE_STANDARD = "gnu++20";
				CLANG_ENABLE_MODULES = YES;
				CLANG_ENABLE_OBJC_ARC = YES;
				CLANG_ENABLE_OBJC_WEAK = YES;
				CLANG_WARN_BLOCK_CAPTURE_AUTORELEASING = YES;
				CLANG_WARN_BOOL_CONVERSION = YES;
				CLANG_WARN_COMMA = YES;
				CLANG_WARN_CONSTANT_CONVERSION = YES;
				CLANG_WARN_DEPRECATED_OBJC_IMPLEMENTATIONS = YES;
				CLANG_WARN_DIRECT_OBJC_ISA_USAGE = YES_ERROR;
				CLANG_WARN_DOCUMENTATION_COMMENTS = YES;
				CLANG_WARN_EMPTY_BODY = YES;
				CLANG_WARN_ENUM_CONVERSION = YES;
				CLANG_WARN_INFINITE_RECURSION = YES;
				CLANG_WARN_INT_CONVERSION = YES;
				CLANG_WARN_NON_LITERAL_NULL_CONVERSION = YES;
				CLANG_WARN_OBJC_IMPLICIT_RETAIN_SELF = YES;
				CLANG_WARN_OBJC_LITERAL_CONVERSION = YES;
				CLANG_WARN_OBJC_ROOT_CLASS = YES_ERROR;
				CLANG_WARN_QUOTED_INCLUDE_IN_FRAMEWORK_HEADER = YES;
				CLANG_WARN_RANGE_LOOP_ANALYSIS = YES;
				CLANG_WARN_STRICT_PROTOTYPES = YES;
				CLANG_WARN_SUSPICIOUS_MOVE = YES;
				CLANG_WARN_UNGUARDED_AVAILABILITY = YES_AGGRESSIVE;
				CLANG_WARN_UNREACHABLE_CODE = YES;
				CLANG_WARN__DUPLICATE_METHOD_MATCH = YES;
				COPY_PHASE_STRIP = NO;
				DEBUG_INFORMATION_FORMAT = dwarf;
				ENABLE_STRICT_OBJC_MSGSEND = YES;
				ENABLE_TESTABILITY = YES;
				ENABLE_USER_SCRIPT_SANDBOXING = YES;
				GCC_C_LANGUAGE_STANDARD = gnu17;
				GCC_DYNAMIC_NO_PIC = NO;
				GCC_NO_COMMON_BLOCKS = YES;
				GCC_OPTIMIZATION_LEVEL = 0;
				GCC_PREPROCESSOR_DEFINITIONS = (
					"DEBUG=1",
					"$(inherited)",
				);
				GCC_WARN_64_TO_32_BIT_CONVERSION = YES;
				GCC_WARN_ABOUT_RETURN_TYPE = YES_ERROR;
				GCC_WARN_UNDECLARED_SELECTOR = YES;
				GCC_WARN_UNINITIALIZED_AUTOS = YES_AGGRESSIVE;
				GCC_WARN_UNUSED_FUNCTION = YES;
				GCC_WARN_UNUSED_VARIABLE = YES;
				IPHONEOS_DEPLOYMENT_TARGET = 18.1;
				LOCALIZATION_PREFERS_STRING_CATALOGS = YES;
				MTL_ENABLE_DEBUG_INFO = INCLUDE_SOURCE;
				MTL_FAST_MATH = YES;
				ONLY_ACTIVE_ARCH = YES;
				SDKROOT = iphoneos;
				SWIFT_ACTIVE_COMPILATION_CONDITIONS = "DEBUG $(inherited)";
				SWIFT_OPTIMIZATION_LEVEL = "-Onone";
			};
			name = Debug;
		};
		3D89F4672DBDB1A800639057 /* Release */ = {
			isa = XCBuildConfiguration;
			buildSettings = {
				ALWAYS_SEARCH_USER_PATHS = NO;
				ASSETCATALOG_COMPILER_GENERATE_SWIFT_ASSET_SYMBOL_EXTENSIONS = YES;
				CLANG_ANALYZER_NONNULL = YES;
				CLANG_ANALYZER_NUMBER_OBJECT_CONVERSION = YES_AGGRESSIVE;
				CLANG_CXX_LANGUAGE_STANDARD = "gnu++20";
				CLANG_ENABLE_MODULES = YES;
				CLANG_ENABLE_OBJC_ARC = YES;
				CLANG_ENABLE_OBJC_WEAK = YES;
				CLANG_WARN_BLOCK_CAPTURE_AUTORELEASING = YES;
				CLANG_WARN_BOOL_CONVERSION = YES;
				CLANG_WARN_COMMA = YES;
				CLANG_WARN_CONSTANT_CONVERSION = YES;
				CLANG_WARN_DEPRECATED_OBJC_IMPLEMENTATIONS = YES;
				CLANG_WARN_DIRECT_OBJC_ISA_USAGE = YES_ERROR;
				CLANG_WARN_DOCUMENTATION_COMMENTS = YES;
				CLANG_WARN_EMPTY_BODY = YES;
				CLANG_WARN_ENUM_CONVERSION = YES;
				CLANG_WARN_INFINITE_RECURSION = YES;
				CLANG_WARN_INT_CONVERSION = YES;
				CLANG_WARN_NON_LITERAL_NULL_CONVERSION = YES;
				CLANG_WARN_OBJC_IMPLICIT_RETAIN_SELF = YES;
				CLANG_WARN_OBJC_LITERAL_CONVERSION = YES;
				CLANG_WARN_OBJC_ROOT_CLASS = YES_ERROR;
				CLANG_WARN_QUOTED_INCLUDE_IN_FRAMEWORK_HEADER = YES;
				CLANG_WARN_RANGE_LOOP_ANALYSIS = YES;
				CLANG_WARN_STRICT_PROTOTYPES = YES;
				CLANG_WARN_SUSPICIOUS_MOVE = YES;
				CLANG_WARN_UNGUARDED_AVAILABILITY = YES_AGGRESSIVE;
				CLANG_WARN_UNREACHABLE_CODE = YES;
				CLANG_WARN__DUPLICATE_METHOD_MATCH = YES;
				COPY_PHASE_STRIP = NO;
				DEBUG_INFORMATION_FORMAT = "dwarf-with-dsym";
				ENABLE_NS_ASSERTIONS = NO;
				ENABLE_STRICT_OBJC_MSGSEND = YES;
				ENABLE_USER_SCRIPT_SANDBOXING = YES;
				GCC_C_LANGUAGE_STANDARD = gnu17;
				GCC_NO_COMMON_BLOCKS = YES;
				GCC_WARN_64_TO_32_BIT_CONVERSION = YES;
				GCC_WARN_ABOUT_RETURN_TYPE = YES_ERROR;
				GCC_WARN_UNDECLARED_SELECTOR = YES;
				GCC_WARN_UNINITIALIZED_AUTOS = YES_AGGRESSIVE;
				GCC_WARN_UNUSED_FUNCTION = YES;
				GCC_WARN_UNUSED_VARIABLE = YES;
				IPHONEOS_DEPLOYMENT_TARGET = 18.1;
				LOCALIZATION_PREFERS_STRING_CATALOGS = YES;
				MTL_ENABLE_DEBUG_INFO = NO;
				MTL_FAST_MATH = YES;
				SDKROOT = iphoneos;
				SWIFT_COMPILATION_MODE = wholemodule;
				VALIDATE_PRODUCT = YES;
			};
			name = Release;
		};
		3D89F4692DBDB1A800639057 /* Debug */ = {
			isa = XCBuildConfiguration;
			buildSettings = {
				ASSETCATALOG_COMPILER_APPICON_NAME = AppIcon;
				ASSETCATALOG_COMPILER_GLOBAL_ACCENT_COLOR_NAME = AccentColor;
				CODE_SIGN_STYLE = Automatic;
				CURRENT_PROJECT_VERSION = 1;
				DEVELOPMENT_ASSET_PATHS = "\"examen_practico_serti/Preview Content\"";
				DEVELOPMENT_TEAM = 9WM475CGF4;
				ENABLE_PREVIEWS = YES;
				GENERATE_INFOPLIST_FILE = YES;
				INFOPLIST_KEY_UIApplicationSceneManifest_Generation = YES;
				INFOPLIST_KEY_UIApplicationSupportsIndirectInputEvents = YES;
				INFOPLIST_KEY_UILaunchScreen_Generation = YES;
				INFOPLIST_KEY_UISupportedInterfaceOrientations_iPad = "UIInterfaceOrientationPortrait UIInterfaceOrientationPortraitUpsideDown UIInterfaceOrientationLandscapeLeft UIInterfaceOrientationLandscapeRight";
				INFOPLIST_KEY_UISupportedInterfaceOrientations_iPhone = "UIInterfaceOrientationPortrait UIInterfaceOrientationLandscapeLeft UIInterfaceOrientationLandscapeRight";
				LD_RUNPATH_SEARCH_PATHS = (
					"$(inherited)",
					"@executable_path/Frameworks",
				);
				MARKETING_VERSION = 1.0;
				PRODUCT_BUNDLE_IDENTIFIER = "DeveloperSZ.examen-practico-serti";
				PRODUCT_NAME = "$(TARGET_NAME)";
				SWIFT_EMIT_LOC_STRINGS = YES;
				SWIFT_VERSION = 5.0;
				TARGETED_DEVICE_FAMILY = "1,2";
			};
			name = Debug;
		};
		3D89F46A2DBDB1A800639057 /* Release */ = {
			isa = XCBuildConfiguration;
			buildSettings = {
				ASSETCATALOG_COMPILER_APPICON_NAME = AppIcon;
				ASSETCATALOG_COMPILER_GLOBAL_ACCENT_COLOR_NAME = AccentColor;
				CODE_SIGN_STYLE = Automatic;
				CURRENT_PROJECT_VERSION = 1;
				DEVELOPMENT_ASSET_PATHS = "\"examen_practico_serti/Preview Content\"";
				DEVELOPMENT_TEAM = 9WM475CGF4;
				ENABLE_PREVIEWS = YES;
				GENERATE_INFOPLIST_FILE = YES;
				INFOPLIST_KEY_UIApplicationSceneManifest_Generation = YES;
				INFOPLIST_KEY_UIApplicationSupportsIndirectInputEvents = YES;
				INFOPLIST_KEY_UILaunchScreen_Generation = YES;
				INFOPLIST_KEY_UISupportedInterfaceOrientations_iPad = "UIInterfaceOrientationPortrait UIInterfaceOrientationPortraitUpsideDown UIInterfaceOrientationLandscapeLeft UIInterfaceOrientationLandscapeRight";
				INFOPLIST_KEY_UISupportedInterfaceOrientations_iPhone = "UIInterfaceOrientationPortrait UIInterfaceOrientationLandscapeLeft UIInterfaceOrientationLandscapeRight";
				LD_RUNPATH_SEARCH_PATHS = (
					"$(inherited)",
					"@executable_path/Frameworks",
				);
				MARKETING_VERSION = 1.0;
				PRODUCT_BUNDLE_IDENTIFIER = "DeveloperSZ.examen-practico-serti";
				PRODUCT_NAME = "$(TARGET_NAME)";
				SWIFT_EMIT_LOC_STRINGS = YES;
				SWIFT_VERSION = 5.0;
				TARGETED_DEVICE_FAMILY = "1,2";
			};
			name = Release;
		};
		3D89F46C2DBDB1A800639057 /* Debug */ = {
			isa = XCBuildConfiguration;
			buildSettings = {
				BUNDLE_LOADER = "$(TEST_HOST)";
				CODE_SIGN_STYLE = Automatic;
				CURRENT_PROJECT_VERSION = 1;
				GENERATE_INFOPLIST_FILE = YES;
				IPHONEOS_DEPLOYMENT_TARGET = 18.1;
				MARKETING_VERSION = 1.0;
				PRODUCT_BUNDLE_IDENTIFIER = "DeveloperSZ.examen-practico-sertiTests";
				PRODUCT_NAME = "$(TARGET_NAME)";
				SWIFT_EMIT_LOC_STRINGS = NO;
				SWIFT_VERSION = 5.0;
				TARGETED_DEVICE_FAMILY = "1,2";
				TEST_HOST = "$(BUILT_PRODUCTS_DIR)/examen_practico_serti.app/$(BUNDLE_EXECUTABLE_FOLDER_PATH)/examen_practico_serti";
			};
			name = Debug;
		};
		3D89F46D2DBDB1A800639057 /* Release */ = {
			isa = XCBuildConfiguration;
			buildSettings = {
				BUNDLE_LOADER = "$(TEST_HOST)";
				CODE_SIGN_STYLE = Automatic;
				CURRENT_PROJECT_VERSION = 1;
				GENERATE_INFOPLIST_FILE = YES;
				IPHONEOS_DEPLOYMENT_TARGET = 18.1;
				MARKETING_VERSION = 1.0;
				PRODUCT_BUNDLE_IDENTIFIER = "DeveloperSZ.examen-practico-sertiTests";
				PRODUCT_NAME = "$(TARGET_NAME)";
				SWIFT_EMIT_LOC_STRINGS = NO;
				SWIFT_VERSION = 5.0;
				TARGETED_DEVICE_FAMILY = "1,2";
				TEST_HOST = "$(BUILT_PRODUCTS_DIR)/examen_practico_serti.app/$(BUNDLE_EXECUTABLE_FOLDER_PATH)/examen_practico_serti";
			};
			name = Release;
		};
		3D89F46F2DBDB1A800639057 /* Debug */ = {
			isa = XCBuildConfiguration;
			buildSettings = {
				CODE_SIGN_STYLE = Automatic;
				CURRENT_PROJECT_VERSION = 1;
				GENERATE_INFOPLIST_FILE = YES;
				MARKETING_VERSION = 1.0;
				PRODUCT_BUNDLE_IDENTIFIER = "DeveloperSZ.examen-practico-sertiUITests";
				PRODUCT_NAME = "$(TARGET_NAME)";
				SWIFT_EMIT_LOC_STRINGS = NO;
				SWIFT_VERSION = 5.0;
				TARGETED_DEVICE_FAMILY = "1,2";
				TEST_TARGET_NAME = examen_practico_serti;
			};
			name = Debug;
		};
		3D89F4702DBDB1A800639057 /* Release */ = {
			isa = XCBuildConfiguration;
			buildSettings = {
				CODE_SIGN_STYLE = Automatic;
				CURRENT_PROJECT_VERSION = 1;
				GENERATE_INFOPLIST_FILE = YES;
				MARKETING_VERSION = 1.0;
				PRODUCT_BUNDLE_IDENTIFIER = "DeveloperSZ.examen-practico-sertiUITests";
				PRODUCT_NAME = "$(TARGET_NAME)";
				SWIFT_EMIT_LOC_STRINGS = NO;
				SWIFT_VERSION = 5.0;
				TARGETED_DEVICE_FAMILY = "1,2";
				TEST_TARGET_NAME = examen_practico_serti;
			};
			name = Release;
		};
/* End XCBuildConfiguration section */

/* Begin XCConfigurationList section */
		3D89F43A2DBDB1A400639057 /* Build configuration list for PBXProject "examen_practico_serti" */ = {
			isa = XCConfigurationList;
			buildConfigurations = (
				3D89F4662DBDB1A800639057 /* Debug */,
				3D89F4672DBDB1A800639057 /* Release */,
			);
			defaultConfigurationIsVisible = 0;
			defaultConfigurationName = Release;
		};
		3D89F4682DBDB1A800639057 /* Build configuration list for PBXNativeTarget "examen_practico_serti" */ = {
			isa = XCConfigurationList;
			buildConfigurations = (
				3D89F4692DBDB1A800639057 /* Debug */,
				3D89F46A2DBDB1A800639057 /* Release */,
			);
			defaultConfigurationIsVisible = 0;
			defaultConfigurationName = Release;
		};
		3D89F46B2DBDB1A800639057 /* Build configuration list for PBXNativeTarget "examen_practico_sertiTests" */ = {
			isa = XCConfigurationList;
			buildConfigurations = (
				3D89F46C2DBDB1A800639057 /* Debug */,
				3D89F46D2DBDB1A800639057 /* Release */,
			);
			defaultConfigurationIsVisible = 0;
			defaultConfigurationName = Release;
		};
		3D89F46E2DBDB1A800639057 /* Build configuration list for PBXNativeTarget "examen_practico_sertiUITests" */ = {
			isa = XCConfigurationList;
			buildConfigurations = (
				3D89F46F2DBDB1A800639057 /* Debug */,
				3D89F4702DBDB1A800639057 /* Release */,
			);
			defaultConfigurationIsVisible = 0;
			defaultConfigurationName = Release;
		};
/* End XCConfigurationList section */
	};
	rootObject = 3D89F4372DBDB1A400639057 /* Project object */;
}
